
Microsoft Visual Studio Solution File, Format Version 12.00
# Visual Studio 2013
VisualStudioVersion = 12.0.31101.0
MinimumVisualStudioVersion = 10.0.40219.1
Project("{FAE04EC0-301F-11D3-BF4B-00C04F79EFBC}") = "IsoPixel", "isoPixel\IsoPixel.csproj", "{B6D1EE81-6E52-47C6-9574-4D7190E7798E}"
EndProject
Project("{FAE04EC0-301F-11D3-BF4B-00C04F79EFBC}") = "UnitTests", "UnitTests\UnitTests.csproj", "{2B7618CB-0429-4035-AD1D-68AA022189D5}"
EndProject
Global
	GlobalSection(SolutionConfigurationPlatforms) = preSolution
		Debug|Any CPU = Debug|Any CPU
		Release|Any CPU = Release|Any CPU
	EndGlobalSection
	GlobalSection(ProjectConfigurationPlatforms) = postSolution
		{B6D1EE81-6E52-47C6-9574-4D7190E7798E}.Debug|Any CPU.ActiveCfg = Debug|Any CPU
		{B6D1EE81-6E52-47C6-9574-4D7190E7798E}.Debug|Any CPU.Build.0 = Debug|Any CPU
		{B6D1EE81-6E52-47C6-9574-4D7190E7798E}.Release|Any CPU.ActiveCfg = Release|Any CPU
		{B6D1EE81-6E52-47C6-9574-4D7190E7798E}.Release|Any CPU.Build.0 = Release|Any CPU
		{2B7618CB-0429-4035-AD1D-68AA022189D5}.Debug|Any CPU.ActiveCfg = Debug|Any CPU
		{2B7618CB-0429-4035-AD1D-68AA022189D5}.Debug|Any CPU.Build.0 = Debug|Any CPU
		{2B7618CB-0429-4035-AD1D-68AA022189D5}.Release|Any CPU.ActiveCfg = Release|Any CPU
		{2B7618CB-0429-4035-AD1D-68AA022189D5}.Release|Any CPU.Build.0 = Release|Any CPU
	EndGlobalSection
	GlobalSection(SolutionProperties) = preSolution
		HideSolutionNode = FALSE
	EndGlobalSection
EndGlobal
